
Microsoft Visual Studio Solution File, Format Version 12.00
# Visual Studio Version 17
VisualStudioVersion = 17.3.32811.315
MinimumVisualStudioVersion = 10.0.40219.1
Project("{2150E333-8FDC-42A3-9474-1A3956D46DE8}") = "Solution Items", "Solution Items", "{0D995A6A-5290-48DF-9614-B741D06250DF}"
	ProjectSection(SolutionItems) = preProject
		.editorconfig = .editorconfig
	EndProjectSection
EndProject
Project("{9A19103F-16F7-4668-BE54-9A1E7A4F7556}") = "MVCdemo", "MVCdemo\MVCdemo.csproj", "{BA5E5DB5-C331-48DE-A3B9-94A370106CFA}"
EndProject
Project("{9A19103F-16F7-4668-BE54-9A1E7A4F7556}") = "ContosoUniversity", "ContosoUniversity\ContosoUniversity.csproj", "{7CE72F1E-6576-4A1A-8369-5F65EB4A93A6}"
EndProject
Project("{9A19103F-16F7-4668-BE54-9A1E7A4F7556}") = "APIDemo", "APIDemo\APIDemo.csproj", "{B6180661-DEF4-49A0-A278-8A7DD6DE4356}"
EndProject
Project("{9A19103F-16F7-4668-BE54-9A1E7A4F7556}") = "ConsoleAppResponse", "ConsoleAppResponse\ConsoleAppResponse.csproj", "{083E370E-0F5C-45AC-A76E-8B7A2F618144}"
EndProject
Project("{9A19103F-16F7-4668-BE54-9A1E7A4F7556}") = "WebAppPractise", "WebAppPractise\WebAppPractise.csproj", "{FC06F5A5-B591-41BE-85C9-CA6783544B33}"
EndProject
Project("{9A19103F-16F7-4668-BE54-9A1E7A4F7556}") = "OData6Demo.Api", "..\..\..\Downloads\OData6Demo-master\OData6Demo.Api\OData6Demo.Api.csproj", "{716E4EE4-B0A6-4665-8BE4-B416F1D7F3B1}"
EndProject
Project("{9A19103F-16F7-4668-BE54-9A1E7A4F7556}") = "Bank", "Bank\Bank.csproj", "{8A9DD226-2CF7-4678-94B2-64E604CF0859}"
EndProject
Project("{9A19103F-16F7-4668-BE54-9A1E7A4F7556}") = "BankTests", "TestProject1\BankTests.csproj", "{513A5B5E-6882-4A1A-9BD6-7F59AEA97367}"
EndProject
Project("{FAE04EC0-301F-11D3-BF4B-00C04F79EFBC}") = "TDDDEmo", "TDDDEmo\TDDDEmo.csproj", "{6C93E521-5035-466F-B939-D7A8FAE3389D}"
EndProject
Project("{FAE04EC0-301F-11D3-BF4B-00C04F79EFBC}") = "Library", "Library\Library.csproj", "{B5216F9A-1602-4C0B-917C-E1C9F07A196C}"
EndProject
Project("{FAE04EC0-301F-11D3-BF4B-00C04F79EFBC}") = "LibraryAPITest", "LibraryAPITest\LibraryAPITest.csproj", "{0E1EA9F2-2624-4BA6-88E7-6218C3F795EF}"
EndProject
Global
	GlobalSection(SolutionConfigurationPlatforms) = preSolution
		Debug|Any CPU = Debug|Any CPU
		Release|Any CPU = Release|Any CPU
	EndGlobalSection
	GlobalSection(ProjectConfigurationPlatforms) = postSolution
		{BA5E5DB5-C331-48DE-A3B9-94A370106CFA}.Debug|Any CPU.ActiveCfg = Debug|Any CPU
		{BA5E5DB5-C331-48DE-A3B9-94A370106CFA}.Debug|Any CPU.Build.0 = Debug|Any CPU
		{BA5E5DB5-C331-48DE-A3B9-94A370106CFA}.Release|Any CPU.ActiveCfg = Release|Any CPU
		{BA5E5DB5-C331-48DE-A3B9-94A370106CFA}.Release|Any CPU.Build.0 = Release|Any CPU
		{7CE72F1E-6576-4A1A-8369-5F65EB4A93A6}.Debug|Any CPU.ActiveCfg = Debug|Any CPU
		{7CE72F1E-6576-4A1A-8369-5F65EB4A93A6}.Debug|Any CPU.Build.0 = Debug|Any CPU
		{7CE72F1E-6576-4A1A-8369-5F65EB4A93A6}.Release|Any CPU.ActiveCfg = Release|Any CPU
		{7CE72F1E-6576-4A1A-8369-5F65EB4A93A6}.Release|Any CPU.Build.0 = Release|Any CPU
		{B6180661-DEF4-49A0-A278-8A7DD6DE4356}.Debug|Any CPU.ActiveCfg = Debug|Any CPU
		{B6180661-DEF4-49A0-A278-8A7DD6DE4356}.Debug|Any CPU.Build.0 = Debug|Any CPU
		{B6180661-DEF4-49A0-A278-8A7DD6DE4356}.Release|Any CPU.ActiveCfg = Release|Any CPU
		{B6180661-DEF4-49A0-A278-8A7DD6DE4356}.Release|Any CPU.Build.0 = Release|Any CPU
		{083E370E-0F5C-45AC-A76E-8B7A2F618144}.Debug|Any CPU.ActiveCfg = Debug|Any CPU
		{083E370E-0F5C-45AC-A76E-8B7A2F618144}.Debug|Any CPU.Build.0 = Debug|Any CPU
		{083E370E-0F5C-45AC-A76E-8B7A2F618144}.Release|Any CPU.ActiveCfg = Release|Any CPU
		{083E370E-0F5C-45AC-A76E-8B7A2F618144}.Release|Any CPU.Build.0 = Release|Any CPU
		{FC06F5A5-B591-41BE-85C9-CA6783544B33}.Debug|Any CPU.ActiveCfg = Debug|Any CPU
		{FC06F5A5-B591-41BE-85C9-CA6783544B33}.Debug|Any CPU.Build.0 = Debug|Any CPU
		{FC06F5A5-B591-41BE-85C9-CA6783544B33}.Release|Any CPU.ActiveCfg = Release|Any CPU
		{FC06F5A5-B591-41BE-85C9-CA6783544B33}.Release|Any CPU.Build.0 = Release|Any CPU
		{716E4EE4-B0A6-4665-8BE4-B416F1D7F3B1}.Debug|Any CPU.ActiveCfg = Debug|Any CPU
		{716E4EE4-B0A6-4665-8BE4-B416F1D7F3B1}.Debug|Any CPU.Build.0 = Debug|Any CPU
		{716E4EE4-B0A6-4665-8BE4-B416F1D7F3B1}.Release|Any CPU.ActiveCfg = Release|Any CPU
		{716E4EE4-B0A6-4665-8BE4-B416F1D7F3B1}.Release|Any CPU.Build.0 = Release|Any CPU
		{8A9DD226-2CF7-4678-94B2-64E604CF0859}.Debug|Any CPU.ActiveCfg = Debug|Any CPU
		{8A9DD226-2CF7-4678-94B2-64E604CF0859}.Debug|Any CPU.Build.0 = Debug|Any CPU
		{8A9DD226-2CF7-4678-94B2-64E604CF0859}.Release|Any CPU.ActiveCfg = Release|Any CPU
		{8A9DD226-2CF7-4678-94B2-64E604CF0859}.Release|Any CPU.Build.0 = Release|Any CPU
		{513A5B5E-6882-4A1A-9BD6-7F59AEA97367}.Debug|Any CPU.ActiveCfg = Debug|Any CPU
		{513A5B5E-6882-4A1A-9BD6-7F59AEA97367}.Debug|Any CPU.Build.0 = Debug|Any CPU
		{513A5B5E-6882-4A1A-9BD6-7F59AEA97367}.Release|Any CPU.ActiveCfg = Release|Any CPU
		{513A5B5E-6882-4A1A-9BD6-7F59AEA97367}.Release|Any CPU.Build.0 = Release|Any CPU
		{6C93E521-5035-466F-B939-D7A8FAE3389D}.Debug|Any CPU.ActiveCfg = Debug|Any CPU
		{6C93E521-5035-466F-B939-D7A8FAE3389D}.Debug|Any CPU.Build.0 = Debug|Any CPU
		{6C93E521-5035-466F-B939-D7A8FAE3389D}.Release|Any CPU.ActiveCfg = Release|Any CPU
		{6C93E521-5035-466F-B939-D7A8FAE3389D}.Release|Any CPU.Build.0 = Release|Any CPU
		{B5216F9A-1602-4C0B-917C-E1C9F07A196C}.Debug|Any CPU.ActiveCfg = Debug|Any CPU
		{B5216F9A-1602-4C0B-917C-E1C9F07A196C}.Debug|Any CPU.Build.0 = Debug|Any CPU
		{B5216F9A-1602-4C0B-917C-E1C9F07A196C}.Release|Any CPU.ActiveCfg = Release|Any CPU
		{B5216F9A-1602-4C0B-917C-E1C9F07A196C}.Release|Any CPU.Build.0 = Release|Any CPU
		{0E1EA9F2-2624-4BA6-88E7-6218C3F795EF}.Debug|Any CPU.ActiveCfg = Debug|Any CPU
		{0E1EA9F2-2624-4BA6-88E7-6218C3F795EF}.Debug|Any CPU.Build.0 = Debug|Any CPU
		{0E1EA9F2-2624-4BA6-88E7-6218C3F795EF}.Release|Any CPU.ActiveCfg = Release|Any CPU
		{0E1EA9F2-2624-4BA6-88E7-6218C3F795EF}.Release|Any CPU.Build.0 = Release|Any CPU
	EndGlobalSection
	GlobalSection(SolutionProperties) = preSolution
		HideSolutionNode = FALSE
	EndGlobalSection
	GlobalSection(NestedProjects) = preSolution
		{716E4EE4-B0A6-4665-8BE4-B416F1D7F3B1} = {0D995A6A-5290-48DF-9614-B741D06250DF}
	EndGlobalSection
	GlobalSection(ExtensibilityGlobals) = postSolution
		SolutionGuid = {E3D0A917-B026-4EDC-8BCC-25CA9D9057AB}
	EndGlobalSection
EndGlobal
